
Microsoft Visual Studio Solution File, Format Version 12.00
# Visual Studio 2012
Project("{FAE04EC0-301F-11D3-BF4B-00C04F79EFBC}") = "DataModel", "DataModel\DataModel.csproj", "{34D0A786-2712-4E77-AA2C-192C5004B09C}"
EndProject
Project("{FAE04EC0-301F-11D3-BF4B-00C04F79EFBC}") = "BusinessEntities", "BusinessEntities\BusinessEntities.csproj", "{DAB41B67-CF23-46DE-ADAB-F30AA9D416CA}"
EndProject
Project("{FAE04EC0-301F-11D3-BF4B-00C04F79EFBC}") = "BusinessServices", "BusinessServices\BusinessServices.csproj", "{88D68A11-F89D-4D45-90DE-9B23D805A33A}"
EndProject
Project("{FAE04EC0-301F-11D3-BF4B-00C04F79EFBC}") = "WebAPI", "WebAPI\WebAPI.csproj", "{B5A9934B-5538-4D81-8506-A1A74CB8B9D2}"
EndProject
Global
	GlobalSection(SolutionConfigurationPlatforms) = preSolution
		Debug|Any CPU = Debug|Any CPU
		Release|Any CPU = Release|Any CPU
	EndGlobalSection
	GlobalSection(ProjectConfigurationPlatforms) = postSolution
		{34D0A786-2712-4E77-AA2C-192C5004B09C}.Debug|Any CPU.ActiveCfg = Debug|Any CPU
		{34D0A786-2712-4E77-AA2C-192C5004B09C}.Debug|Any CPU.Build.0 = Debug|Any CPU
		{34D0A786-2712-4E77-AA2C-192C5004B09C}.Release|Any CPU.ActiveCfg = Release|Any CPU
		{34D0A786-2712-4E77-AA2C-192C5004B09C}.Release|Any CPU.Build.0 = Release|Any CPU
		{DAB41B67-CF23-46DE-ADAB-F30AA9D416CA}.Debug|Any CPU.ActiveCfg = Debug|Any CPU
		{DAB41B67-CF23-46DE-ADAB-F30AA9D416CA}.Debug|Any CPU.Build.0 = Debug|Any CPU
		{DAB41B67-CF23-46DE-ADAB-F30AA9D416CA}.Release|Any CPU.ActiveCfg = Release|Any CPU
		{DAB41B67-CF23-46DE-ADAB-F30AA9D416CA}.Release|Any CPU.Build.0 = Release|Any CPU
		{88D68A11-F89D-4D45-90DE-9B23D805A33A}.Debug|Any CPU.ActiveCfg = Debug|Any CPU
		{88D68A11-F89D-4D45-90DE-9B23D805A33A}.Debug|Any CPU.Build.0 = Debug|Any CPU
		{88D68A11-F89D-4D45-90DE-9B23D805A33A}.Release|Any CPU.ActiveCfg = Release|Any CPU
		{88D68A11-F89D-4D45-90DE-9B23D805A33A}.Release|Any CPU.Build.0 = Release|Any CPU
		{B5A9934B-5538-4D81-8506-A1A74CB8B9D2}.Debug|Any CPU.ActiveCfg = Debug|Any CPU
		{B5A9934B-5538-4D81-8506-A1A74CB8B9D2}.Debug|Any CPU.Build.0 = Debug|Any CPU
		{B5A9934B-5538-4D81-8506-A1A74CB8B9D2}.Release|Any CPU.ActiveCfg = Release|Any CPU
		{B5A9934B-5538-4D81-8506-A1A74CB8B9D2}.Release|Any CPU.Build.0 = Release|Any CPU
	EndGlobalSection
	GlobalSection(SolutionProperties) = preSolution
		HideSolutionNode = FALSE
	EndGlobalSection
	GlobalSection(ExtensibilityGlobals) = postSolution
		EnterpriseLibraryConfigurationToolBinariesPath = packages\Unity.2.1.505.0\lib\NET35
	EndGlobalSection
EndGlobal
